<?xml version="1.0" encoding="utf-8"?>
<Project ToolsVersion="4.0" xmlns="http://schemas.microsoft.com/developer/msbuild/2003">
  <ItemGroup>
    <Filter Include="源文件">
      <UniqueIdentifier>{4FC737F1-C7A5-4376-A066-2A32D752A2FF}</UniqueIdentifier>
      <Extensions>cpp;c;cc;cxx;def;odl;idl;hpj;bat;asm;asmx</Extensions>
    </Filter>
    <Filter Include="头文件">
      <UniqueIdentifier>{93995380-89BD-4b04-88EB-625FBE52EBFB}</UniqueIdentifier>
      <Extensions>h;hpp;hxx;hm;inl;inc;xsd</Extensions>
    </Filter>
    <Filter Include="头文件\log4z">
      <UniqueIdentifier>{d7c4c64c-ca24-4e69-9fbd-23357cda0263}</UniqueIdentifier>
    </Filter>
    <Filter Include="头文件\network">
      <UniqueIdentifier>{618703bf-73a9-4442-a151-c1570cb424bc}</UniqueIdentifier>
    </Filter>
    <Filter Include="头文件\thread">
      <UniqueIdentifier>{8f4feadd-4f58-4168-b40e-fea2dc40a419}</UniqueIdentifier>
    </Filter>
    <Filter Include="头文件\protocol">
      <UniqueIdentifier>{7b056428-5952-457f-b055-25d04a8abd9b}</UniqueIdentifier>
    </Filter>
    <Filter Include="头文件\utility">
      <UniqueIdentifier>{a6505643-c528-43d7-b0bf-e39c9464cee0}</UniqueIdentifier>
    </Filter>
    <Filter Include="资源文件">
      <UniqueIdentifier>{67DA6AB6-F800-4c08-8B7A-83BB121AAD01}</UniqueIdentifier>
      <Extensions>rc;ico;cur;bmp;dlg;rc2;rct;bin;rgs;gif;jpg;jpeg;jpe;resx;tiff;tif;png;wav</Extensions>
    </Filter>
  </ItemGroup>
  <ItemGroup>
    <ClCompile Include="Client.cpp">
      <Filter>源文件</Filter>
    </ClCompile>
    <ClCompile Include="main.cpp">
      <Filter>源文件</Filter>
    </ClCompile>
    <ClCompile Include="Process.cpp">
      <Filter>源文件</Filter>
    </ClCompile>
    <ClCompile Include="Schedule.cpp">
      <Filter>源文件</Filter>
    </ClCompile>
    <ClCompile Include="..\..\depends\log4z\log4z.cpp">
      <Filter>头文件\log4z</Filter>
    </ClCompile>
    <ClCompile Include="..\..\network\iocp\iocp.cpp">
      <Filter>头文件\network</Filter>
    </ClCompile>
    <ClCompile Include="..\..\network\iocp\public.cpp">
      <Filter>头文件\network</Filter>
    </ClCompile>
    <ClCompile Include="..\..\network\iocp\tcpaccept.cpp">
      <Filter>头文件\network</Filter>
    </ClCompile>
    <ClCompile Include="..\..\network\iocp\tcpsocket.cpp">
      <Filter>头文件\network</Filter>
    </ClCompile>
    <ClCompile Include="..\..\network\iocp\udpsocket.cpp">
      <Filter>头文件\network</Filter>
    </ClCompile>
    <ClCompile Include="..\..\depends\thread4z\thread.cpp">
      <Filter>头文件\thread</Filter>
    </ClCompile>
    <ClCompile Include="ServerNetworkImp.cpp">
      <Filter>源文件</Filter>
    </ClCompile>
    <ClCompile Include="Session.cpp">
      <Filter>源文件</Filter>
    </ClCompile>
    <ClCompile Include="INetwork.cpp">
      <Filter>源文件</Filter>
    </ClCompile>
    <ClCompile Include="ClientNetworkImp.cpp">
      <Filter>源文件</Filter>
    </ClCompile>
  </ItemGroup>
  <ItemGroup>
    <ClInclude Include="Client.h">
      <Filter>源文件</Filter>
    </ClInclude>
    <ClInclude Include="header.h">
      <Filter>源文件</Filter>
    </ClInclude>
    <ClInclude Include="Process.h">
      <Filter>源文件</Filter>
    </ClInclude>
    <ClInclude Include="Schedule.h">
      <Filter>源文件</Filter>
    </ClInclude>
    <ClInclude Include="..\..\depends\log4z\log4z.h">
      <Filter>头文件\log4z</Filter>
    </ClInclude>
    <ClInclude Include="..\..\network\iocp\iocp.h">
      <Filter>头文件\network</Filter>
    </ClInclude>
    <ClInclude Include="..\..\network\iocp\public.h">
      <Filter>头文件\network</Filter>
    </ClInclude>
    <ClInclude Include="..\..\network\SocketInterface.h">
      <Filter>头文件\network</Filter>
    </ClInclude>
    <ClInclude Include="..\..\network\iocp\tcpaccept.h">
      <Filter>头文件\network</Filter>
    </ClInclude>
    <ClInclude Include="..\..\network\iocp\tcpsocket.h">
      <Filter>头文件\network</Filter>
    </ClInclude>
    <ClInclude Include="..\..\network\iocp\udpsocket.h">
      <Filter>头文件\network</Filter>
    </ClInclude>
    <ClInclude Include="..\..\depends\thread4z\thread.h">
      <Filter>头文件\thread</Filter>
    </ClInclude>
    <ClInclude Include="..\..\depends\protocol4z\protocol4z.h">
      <Filter>头文件\protocol</Filter>
    </ClInclude>
    <ClInclude Include="..\..\utility\cirque.h">
      <Filter>头文件\utility</Filter>
    </ClInclude>
    <ClInclude Include="..\..\utility\objectpool.h">
      <Filter>头文件\utility</Filter>
    </ClInclude>
    <ClInclude Include="..\..\utility\utility.h">
      <Filter>头文件\utility</Filter>
    </ClInclude>
    <ClInclude Include="ServerNetworkImp.h">
      <Filter>源文件</Filter>
    </ClInclude>
    <ClInclude Include="Session.h">
      <Filter>源文件</Filter>
    </ClInclude>
    <ClInclude Include="INetwork.h">
      <Filter>源文件</Filter>
    </ClInclude>
    <ClInclude Include="ClientNetworkImp.h">
      <Filter>源文件</Filter>
    </ClInclude>
  </ItemGroup>
</Project>