<?xml version="1.0" encoding="utf-8"?>
<Project ToolsVersion="4.0" xmlns="http://schemas.microsoft.com/developer/msbuild/2003">
  <ItemGroup>
    <Filter Include="资源文件">
      <UniqueIdentifier>{67DA6AB6-F800-4c08-8B7A-83BB121AAD01}</UniqueIdentifier>
      <Extensions>rc;ico;cur;bmp;dlg;rc2;rct;bin;rgs;gif;jpg;jpeg;jpe;resx;tiff;tif;png;wav;mfcribbon-ms</Extensions>
    </Filter>
    <Filter Include="Common">
      <UniqueIdentifier>{93995380-89BD-4b04-88EB-625FBE52EBFB}</UniqueIdentifier>
      <Extensions>h;hpp;hxx;hm;inl;inc;xsd</Extensions>
    </Filter>
    <Filter Include="SvrCommon">
      <UniqueIdentifier>{4FC737F1-C7A5-4376-A066-2A32D752A2FF}</UniqueIdentifier>
      <Extensions>cpp;c;cc;cxx;def;odl;idl;hpj;bat;asm;asmx</Extensions>
    </Filter>
    <Filter Include="src">
      <UniqueIdentifier>{273b53a0-6929-442f-a7c8-fa90d95024c9}</UniqueIdentifier>
    </Filter>
    <Filter Include="src\Room">
      <UniqueIdentifier>{61daab1e-47ec-44b8-b492-301beada62e2}</UniqueIdentifier>
    </Filter>
    <Filter Include="src\Room\state">
      <UniqueIdentifier>{796e4516-7b78-4635-80c6-e0b05eb283df}</UniqueIdentifier>
    </Filter>
    <Filter Include="src\Card">
      <UniqueIdentifier>{7a7f0b62-48f6-4841-9f57-4bf4f84c5309}</UniqueIdentifier>
    </Filter>
    <Filter Include="src\RoomBattleEnd">
      <UniqueIdentifier>{7467e420-fea2-4556-983a-ce238cbf0ab1}</UniqueIdentifier>
    </Filter>
  </ItemGroup>
  <ItemGroup>
    <ClInclude Include="..\ServerCommon\AutoBuffer.h">
      <Filter>SvrCommon</Filter>
    </ClInclude>
    <ClInclude Include="..\ServerCommon\ISeverApp.h">
      <Filter>SvrCommon</Filter>
    </ClInclude>
    <ClInclude Include="..\ServerCommon\ServerCommon.h">
      <Filter>SvrCommon</Filter>
    </ClInclude>
    <ClInclude Include="..\ServerCommon\ServerConfig.h">
      <Filter>SvrCommon</Filter>
    </ClInclude>
    <ClInclude Include="..\ServerCommon\ServerDefine.h">
      <Filter>SvrCommon</Filter>
    </ClInclude>
    <ClInclude Include="..\ServerCommon\ServerMessageDefine.h">
      <Filter>SvrCommon</Filter>
    </ClInclude>
    <ClInclude Include="..\ServerCommon\Timer.h">
      <Filter>SvrCommon</Filter>
    </ClInclude>
    <ClInclude Include="..\..\Common\LogManager.h">
      <Filter>Common</Filter>
    </ClInclude>
    <ClInclude Include="..\..\Common\MessageDefine.h">
      <Filter>Common</Filter>
    </ClInclude>
    <ClInclude Include="..\..\Common\MessageIdentifer.h">
      <Filter>Common</Filter>
    </ClInclude>
    <ClInclude Include="..\..\Common\NativeTypes.h">
      <Filter>Common</Filter>
    </ClInclude>
    <ClInclude Include="..\..\Common\Utility.h">
      <Filter>Common</Filter>
    </ClInclude>
    <ClInclude Include="..\..\Common\CommonData.h">
      <Filter>Common</Filter>
    </ClInclude>
    <ClInclude Include="..\..\Common\CommonDefine.h">
      <Filter>Common</Filter>
    </ClInclude>
    <ClInclude Include="..\..\Common\ConfigReader.h">
      <Filter>Common</Filter>
    </ClInclude>
    <ClInclude Include="..\ServerCommon\IRoom.h">
      <Filter>SvrCommon</Filter>
    </ClInclude>
    <ClInclude Include="..\ServerCommon\IRoomPlayer.h">
      <Filter>SvrCommon</Filter>
    </ClInclude>
    <ClInclude Include="..\ServerCommon\Singleton.h">
      <Filter>SvrCommon</Filter>
    </ClInclude>
    <ClInclude Include="..\ServerCommon\IRoomState.h">
      <Filter>SvrCommon</Filter>
    </ClInclude>
    <ClInclude Include="..\..\Common\RoomConfig.h">
      <Filter>Common</Filter>
    </ClInclude>
    <ClInclude Include="..\ServerCommon\ISitableRoomPlayer.h">
      <Filter>SvrCommon</Filter>
    </ClInclude>
    <ClInclude Include="..\ServerCommon\ISitableRoom.h">
      <Filter>SvrCommon</Filter>
    </ClInclude>
    <ClInclude Include="..\ServerCommon\IRoomManager.h">
      <Filter>SvrCommon</Filter>
    </ClInclude>
    <ClInclude Include="..\ServerCommon\httpRequest.h">
      <Filter>SvrCommon</Filter>
    </ClInclude>
    <ClInclude Include="..\..\Common\IConfigFile.h">
      <Filter>Common</Filter>
    </ClInclude>
    <ClInclude Include="..\ServerCommon\ServerStringTable.h">
      <Filter>SvrCommon</Filter>
    </ClInclude>
    <ClInclude Include="..\ServerCommon\RewardConfig.h">
      <Filter>SvrCommon</Filter>
    </ClInclude>
    <ClInclude Include="..\ServerCommon\SeverUtility.h">
      <Filter>SvrCommon</Filter>
    </ClInclude>
    <ClInclude Include="..\ServerCommon\IRoomInterface.h">
      <Filter>SvrCommon</Filter>
    </ClInclude>
    <ClInclude Include="..\ServerCommon\IRoomDelegate.h">
      <Filter>SvrCommon</Filter>
    </ClInclude>
    <ClInclude Include="..\ServerCommon\SystemRoom.h">
      <Filter>SvrCommon</Filter>
    </ClInclude>
    <ClInclude Include="..\ServerCommon\IGlobalModule.h">
      <Filter>SvrCommon</Filter>
    </ClInclude>
    <ClInclude Include="..\ServerCommon\PrivateRoom.h">
      <Filter>SvrCommon</Filter>
    </ClInclude>
    <ClInclude Include="..\ServerCommon\RobotDispatchStrategy.h">
      <Filter>SvrCommon</Filter>
    </ClInclude>
    <ClInclude Include="src\MJServer.h">
      <Filter>src</Filter>
    </ClInclude>
    <ClInclude Include="src\MJServerRoomManger.h">
      <Filter>src</Filter>
    </ClInclude>
    <ClInclude Include="src\MJRoomPlayer.h">
      <Filter>src\Room</Filter>
    </ClInclude>
    <ClInclude Include="src\MJRoom.h">
      <Filter>src\Room</Filter>
    </ClInclude>
    <ClInclude Include="src\MJBloodFanxing.h">
      <Filter>src\Card</Filter>
    </ClInclude>
    <ClInclude Include="src\MJCard.h">
      <Filter>src\Card</Filter>
    </ClInclude>
    <ClInclude Include="src\MJCardFanXing.h">
      <Filter>src\Card</Filter>
    </ClInclude>
    <ClInclude Include="src\MJDefine.h">
      <Filter>src\Card</Filter>
    </ClInclude>
    <ClInclude Include="src\MJPeerCard.h">
      <Filter>src\Card</Filter>
    </ClInclude>
    <ClInclude Include="..\ServerCommon\ServerMessageIdentifer.h">
      <Filter>Common</Filter>
    </ClInclude>
    <ClInclude Include="src\MJGameStartState.h">
      <Filter>src\Room\state</Filter>
    </ClInclude>
    <ClInclude Include="src\MJExchangeCardState.h">
      <Filter>src\Room\state</Filter>
    </ClInclude>
    <ClInclude Include="src\MJWaitDecideQueState.h">
      <Filter>src\Room\state</Filter>
    </ClInclude>
    <ClInclude Include="src\MJWaitPlayerActState.h">
      <Filter>src\Room\state</Filter>
    </ClInclude>
    <ClInclude Include="..\..\Common\StringHash.h">
      <Filter>Common</Filter>
    </ClInclude>
    <ClInclude Include="src\MJRoomBattleEnd.h">
      <Filter>src\RoomBattleEnd</Filter>
    </ClInclude>
    <ClInclude Include="..\ServerCommon\AsyncRequestQuene.h">
      <Filter>SvrCommon</Filter>
    </ClInclude>
  </ItemGroup>
  <ItemGroup>
    <ClCompile Include="..\ServerCommon\ISeverApp.cpp">
      <Filter>SvrCommon</Filter>
    </ClCompile>
    <ClCompile Include="..\ServerCommon\ServerConfig.cpp">
      <Filter>SvrCommon</Filter>
    </ClCompile>
    <ClCompile Include="..\ServerCommon\Timer.cpp">
      <Filter>SvrCommon</Filter>
    </ClCompile>
    <ClCompile Include="..\..\Common\LogManager.cpp">
      <Filter>Common</Filter>
    </ClCompile>
    <ClCompile Include="..\..\Common\Utility.cpp">
      <Filter>Common</Filter>
    </ClCompile>
    <ClCompile Include="src\main.cpp">
      <Filter>src</Filter>
    </ClCompile>
    <ClCompile Include="..\..\Common\ConfigReader.cpp">
      <Filter>Common</Filter>
    </ClCompile>
    <ClCompile Include="..\ServerCommon\IRoom.cpp">
      <Filter>SvrCommon</Filter>
    </ClCompile>
    <ClCompile Include="..\ServerCommon\IRoomPlayer.cpp">
      <Filter>SvrCommon</Filter>
    </ClCompile>
    <ClCompile Include="..\ServerCommon\IRoomState.cpp">
      <Filter>SvrCommon</Filter>
    </ClCompile>
    <ClCompile Include="..\..\Common\RoomConfig.cpp">
      <Filter>Common</Filter>
    </ClCompile>
    <ClCompile Include="..\ServerCommon\ISitableRoomPlayer.cpp">
      <Filter>SvrCommon</Filter>
    </ClCompile>
    <ClCompile Include="..\ServerCommon\ISitableRoom.cpp">
      <Filter>SvrCommon</Filter>
    </ClCompile>
    <ClCompile Include="..\ServerCommon\IRoomManager.cpp">
      <Filter>SvrCommon</Filter>
    </ClCompile>
    <ClCompile Include="..\ServerCommon\httpRequest.cpp">
      <Filter>SvrCommon</Filter>
    </ClCompile>
    <ClCompile Include="..\..\Common\IConfigFile.cpp">
      <Filter>Common</Filter>
    </ClCompile>
    <ClCompile Include="..\ServerCommon\ServerStringTable.cpp">
      <Filter>SvrCommon</Filter>
    </ClCompile>
    <ClCompile Include="..\ServerCommon\RewardConfig.cpp">
      <Filter>SvrCommon</Filter>
    </ClCompile>
    <ClCompile Include="..\ServerCommon\SeverUtility.cpp">
      <Filter>SvrCommon</Filter>
    </ClCompile>
    <ClCompile Include="..\ServerCommon\IRoomInterface.cpp">
      <Filter>SvrCommon</Filter>
    </ClCompile>
    <ClCompile Include="..\ServerCommon\IRoomDelegate.cpp">
      <Filter>SvrCommon</Filter>
    </ClCompile>
    <ClCompile Include="..\ServerCommon\SystemRoom.cpp">
      <Filter>SvrCommon</Filter>
    </ClCompile>
    <ClCompile Include="..\ServerCommon\RobotDispatchStrategy.cpp">
      <Filter>SvrCommon</Filter>
    </ClCompile>
    <ClCompile Include="src\MJServer.cpp">
      <Filter>src</Filter>
    </ClCompile>
    <ClCompile Include="src\MJServerRoomManger.cpp">
      <Filter>src</Filter>
    </ClCompile>
    <ClCompile Include="src\MJRoomPlayer.cpp">
      <Filter>src\Room</Filter>
    </ClCompile>
    <ClCompile Include="src\MJRoom.cpp">
      <Filter>src\Room</Filter>
    </ClCompile>
    <ClCompile Include="src\MJBloodFanxing.cpp">
      <Filter>src\Card</Filter>
    </ClCompile>
    <ClCompile Include="src\MJCard.cpp">
      <Filter>src\Card</Filter>
    </ClCompile>
    <ClCompile Include="src\MJPeerCard.cpp">
      <Filter>src\Card</Filter>
    </ClCompile>
    <ClCompile Include="src\MJGameStartState.cpp">
      <Filter>src\Room\state</Filter>
    </ClCompile>
    <ClCompile Include="src\MJExchangeCardState.cpp">
      <Filter>src\Room\state</Filter>
    </ClCompile>
    <ClCompile Include="src\MJWaitPlayerActState.cpp">
      <Filter>src\Room\state</Filter>
    </ClCompile>
    <ClCompile Include="src\MJWaitDecideQueState.cpp">
      <Filter>src\Room\state</Filter>
    </ClCompile>
    <ClCompile Include="..\..\Common\StringHash.cpp">
      <Filter>Common</Filter>
    </ClCompile>
    <ClCompile Include="src\MJRoomBattleEnd.cpp">
      <Filter>src\RoomBattleEnd</Filter>
    </ClCompile>
    <ClCompile Include="..\ServerCommon\AsyncRequestQuene.cpp">
      <Filter>SvrCommon</Filter>
    </ClCompile>
  </ItemGroup>
</Project>