<?xml version="1.0" encoding="utf-8"?>
<Project ToolsVersion="4.0" xmlns="http://schemas.microsoft.com/developer/msbuild/2003">
  <ItemGroup>
    <Filter Include="Resource Files">
      <UniqueIdentifier>{67DA6AB6-F800-4c08-8B7A-83BB121AAD01}</UniqueIdentifier>
      <Extensions>rc;ico;cur;bmp;dlg;rc2;rct;bin;rgs;gif;jpg;jpeg;jpe;resx;tiff;tif;png;wav;mfcribbon-ms</Extensions>
    </Filter>
    <Filter Include="Common">
      <UniqueIdentifier>{317fc4f9-5633-4d59-b814-59beea98e454}</UniqueIdentifier>
    </Filter>
    <Filter Include="head">
      <UniqueIdentifier>{93995380-89BD-4b04-88EB-625FBE52EBFB}</UniqueIdentifier>
      <Extensions>h;hpp;hxx;hm;inl;inc;xsd</Extensions>
    </Filter>
    <Filter Include="src">
      <UniqueIdentifier>{4FC737F1-C7A5-4376-A066-2A32D752A2FF}</UniqueIdentifier>
      <Extensions>cpp;c;cc;cxx;def;odl;idl;hpj;bat;asm;asmx</Extensions>
    </Filter>
    <Filter Include="SvrCommon">
      <UniqueIdentifier>{1376aae5-b448-4b79-bf06-b924384233ca}</UniqueIdentifier>
    </Filter>
    <Filter Include="DBBase">
      <UniqueIdentifier>{8cc40602-0ac5-4e75-88f1-e4c71d4d3261}</UniqueIdentifier>
    </Filter>
  </ItemGroup>
  <ItemGroup>
    <ClInclude Include="..\..\Common\Utility.h">
      <Filter>Common</Filter>
    </ClInclude>
    <ClInclude Include="..\..\Common\CommonDefine.h">
      <Filter>Common</Filter>
    </ClInclude>
    <ClInclude Include="..\..\Common\ConfigReader.h">
      <Filter>Common</Filter>
    </ClInclude>
    <ClInclude Include="..\..\Common\MessageDefine.h">
      <Filter>Common</Filter>
    </ClInclude>
    <ClInclude Include="..\..\Common\MessageIdentifer.h">
      <Filter>Common</Filter>
    </ClInclude>
    <ClInclude Include="src\main.h">
      <Filter>head</Filter>
    </ClInclude>
    <ClInclude Include="src\LoginApp.h">
      <Filter>head</Filter>
    </ClInclude>
    <ClInclude Include="..\..\Common\IConfigFile.h">
      <Filter>Common</Filter>
    </ClInclude>
    <ClInclude Include="..\ServerCommon\ServerConfig.h">
      <Filter>SvrCommon</Filter>
    </ClInclude>
    <ClInclude Include="..\ServerCommon\ServerMessageDefine.h">
      <Filter>SvrCommon</Filter>
    </ClInclude>
    <ClInclude Include="..\DBServer\src\DataBaseThread.h">
      <Filter>DBBase</Filter>
    </ClInclude>
    <ClInclude Include="..\DBServer\src\DBRequest.h">
      <Filter>DBBase</Filter>
    </ClInclude>
    <ClInclude Include="..\DBServer\src\DBRequestFlags.h">
      <Filter>DBBase</Filter>
    </ClInclude>
    <ClInclude Include="..\DBServer\src\MySqlData.h">
      <Filter>DBBase</Filter>
    </ClInclude>
    <ClInclude Include="..\ServerCommon\mutex.h">
      <Filter>SvrCommon</Filter>
    </ClInclude>
    <ClInclude Include="..\ServerCommon\ThreadMod.h">
      <Filter>SvrCommon</Filter>
    </ClInclude>
    <ClInclude Include="..\ServerCommon\Sem.h">
      <Filter>SvrCommon</Filter>
    </ClInclude>
    <ClInclude Include="..\ServerCommon\Timer.h">
      <Filter>SvrCommon</Filter>
    </ClInclude>
    <ClInclude Include="src\LoginDBManager.h">
      <Filter>head</Filter>
    </ClInclude>
    <ClInclude Include="..\ServerCommon\ISeverApp.h">
      <Filter>Common</Filter>
    </ClInclude>
    <ClInclude Include="..\ServerCommon\IGlobalModule.h">
      <Filter>SvrCommon</Filter>
    </ClInclude>
    <ClInclude Include="..\ServerCommon\AsyncRequestQuene.h">
      <Filter>SvrCommon</Filter>
    </ClInclude>
    <ClInclude Include="..\ServerCommon\httpRequest.h">
      <Filter>SvrCommon</Filter>
    </ClInclude>
    <ClInclude Include="..\ServerCommon\ITask.h">
      <Filter>SvrCommon</Filter>
    </ClInclude>
    <ClInclude Include="..\ServerCommon\TaskPool.h">
      <Filter>SvrCommon</Filter>
    </ClInclude>
    <ClInclude Include="..\ServerCommon\WorkThread.h">
      <Filter>SvrCommon</Filter>
    </ClInclude>
    <ClInclude Include="src\IDVerifyTask.h">
      <Filter>src</Filter>
    </ClInclude>
    <ClInclude Include="..\ServerCommon\Application.h">
      <Filter>SvrCommon</Filter>
    </ClInclude>
    <ClInclude Include="..\ServerCommon\catch_dump_file.h">
      <Filter>SvrCommon</Filter>
    </ClInclude>
  </ItemGroup>
  <ItemGroup>
    <ClCompile Include="..\..\Common\Utility.cpp">
      <Filter>Common</Filter>
    </ClCompile>
    <ClCompile Include="..\..\Common\ConfigReader.cpp">
      <Filter>Common</Filter>
    </ClCompile>
    <ClCompile Include="src\main.cpp">
      <Filter>src</Filter>
    </ClCompile>
    <ClCompile Include="src\LoginApp.cpp">
      <Filter>src</Filter>
    </ClCompile>
    <ClCompile Include="..\..\Common\IConfigFile.cpp">
      <Filter>Common</Filter>
    </ClCompile>
    <ClCompile Include="..\ServerCommon\ServerConfig.cpp">
      <Filter>SvrCommon</Filter>
    </ClCompile>
    <ClCompile Include="..\DBServer\src\DataBaseThread.cpp">
      <Filter>DBBase</Filter>
    </ClCompile>
    <ClCompile Include="..\DBServer\src\DBRequest.cpp">
      <Filter>DBBase</Filter>
    </ClCompile>
    <ClCompile Include="..\DBServer\src\MySqlData.cpp">
      <Filter>DBBase</Filter>
    </ClCompile>
    <ClCompile Include="..\ServerCommon\mutex.cpp">
      <Filter>SvrCommon</Filter>
    </ClCompile>
    <ClCompile Include="..\ServerCommon\ThreadMod.cpp">
      <Filter>SvrCommon</Filter>
    </ClCompile>
    <ClCompile Include="..\ServerCommon\Sem.cpp">
      <Filter>SvrCommon</Filter>
    </ClCompile>
    <ClCompile Include="..\ServerCommon\Timer.cpp">
      <Filter>SvrCommon</Filter>
    </ClCompile>
    <ClCompile Include="src\LoginDBManager.cpp">
      <Filter>src</Filter>
    </ClCompile>
    <ClCompile Include="..\ServerCommon\ISeverApp.cpp">
      <Filter>Common</Filter>
    </ClCompile>
    <ClCompile Include="..\ServerCommon\AsyncRequestQuene.cpp">
      <Filter>SvrCommon</Filter>
    </ClCompile>
    <ClCompile Include="..\ServerCommon\httpRequest.cpp">
      <Filter>SvrCommon</Filter>
    </ClCompile>
    <ClCompile Include="..\ServerCommon\TaskPool.cpp">
      <Filter>SvrCommon</Filter>
    </ClCompile>
    <ClCompile Include="..\ServerCommon\WorkThread.cpp">
      <Filter>SvrCommon</Filter>
    </ClCompile>
    <ClCompile Include="src\IDVerifyTask.cpp">
      <Filter>src</Filter>
    </ClCompile>
    <ClCompile Include="..\ServerCommon\Application.cpp">
      <Filter>SvrCommon</Filter>
    </ClCompile>
    <ClCompile Include="..\ServerCommon\catch_dump_file.cpp">
      <Filter>SvrCommon</Filter>
    </ClCompile>
  </ItemGroup>
</Project>