<?xml version="1.0" encoding="utf-8"?>
<Project ToolsVersion="4.0" xmlns="http://schemas.microsoft.com/developer/msbuild/2003">
  <ItemGroup>
    <Filter Include="资源文件">
      <UniqueIdentifier>{67DA6AB6-F800-4c08-8B7A-83BB121AAD01}</UniqueIdentifier>
      <Extensions>rc;ico;cur;bmp;dlg;rc2;rct;bin;rgs;gif;jpg;jpeg;jpe;resx;tiff;tif;png;wav;mfcribbon-ms</Extensions>
    </Filter>
    <Filter Include="common">
      <UniqueIdentifier>{93995380-89BD-4b04-88EB-625FBE52EBFB}</UniqueIdentifier>
      <Extensions>h;hpp;hxx;hm;inl;inc;xsd</Extensions>
    </Filter>
    <Filter Include="src">
      <UniqueIdentifier>{4FC737F1-C7A5-4376-A066-2A32D752A2FF}</UniqueIdentifier>
      <Extensions>cpp;c;cc;cxx;def;odl;idl;hpj;bat;asm;asmx</Extensions>
    </Filter>
    <Filter Include="SvrCommon">
      <UniqueIdentifier>{be35b3b3-8306-4784-b9fd-c5928e668239}</UniqueIdentifier>
    </Filter>
  </ItemGroup>
  <ItemGroup>
    <ClCompile Include="src\DataBaseThread.cpp">
      <Filter>src</Filter>
    </ClCompile>
    <ClCompile Include="src\DBManager.cpp">
      <Filter>src</Filter>
    </ClCompile>
    <ClCompile Include="src\DBRequest.cpp">
      <Filter>src</Filter>
    </ClCompile>
    <ClCompile Include="src\main.cpp">
      <Filter>src</Filter>
    </ClCompile>
    <ClCompile Include="src\MySqlData.cpp">
      <Filter>src</Filter>
    </ClCompile>
    <ClCompile Include="..\..\Common\ConfigReader.cpp">
      <Filter>common</Filter>
    </ClCompile>
    <ClCompile Include="..\..\Common\IConfigFile.cpp">
      <Filter>common</Filter>
    </ClCompile>
    <ClCompile Include="..\..\Common\Utility.cpp">
      <Filter>common</Filter>
    </ClCompile>
    <ClCompile Include="..\ServerCommon\mutex.cpp">
      <Filter>SvrCommon</Filter>
    </ClCompile>
    <ClCompile Include="..\ServerCommon\Sem.cpp">
      <Filter>SvrCommon</Filter>
    </ClCompile>
    <ClCompile Include="..\ServerCommon\ServerConfig.cpp">
      <Filter>SvrCommon</Filter>
    </ClCompile>
    <ClCompile Include="..\ServerCommon\ThreadMod.cpp">
      <Filter>SvrCommon</Filter>
    </ClCompile>
    <ClCompile Include="..\ServerCommon\Timer.cpp">
      <Filter>SvrCommon</Filter>
    </ClCompile>
    <ClCompile Include="..\ServerCommon\ISeverApp.cpp">
      <Filter>SvrCommon</Filter>
    </ClCompile>
    <ClCompile Include="src\LogSvr.cpp">
      <Filter>src</Filter>
    </ClCompile>
    <ClCompile Include="..\ServerCommon\AsyncRequestQuene.cpp">
      <Filter>SvrCommon</Filter>
    </ClCompile>
    <ClCompile Include="..\ServerCommon\Application.cpp">
      <Filter>SvrCommon</Filter>
    </ClCompile>
    <ClCompile Include="..\ServerCommon\catch_dump_file.cpp">
      <Filter>SvrCommon</Filter>
    </ClCompile>
    <ClCompile Include="..\ServerCommon\log4z.cpp">
      <Filter>SvrCommon</Filter>
    </ClCompile>
  </ItemGroup>
  <ItemGroup>
    <ClInclude Include="..\..\Common\MessageDefine.h">
      <Filter>common</Filter>
    </ClInclude>
    <ClInclude Include="..\..\Common\MessageIdentifer.h">
      <Filter>common</Filter>
    </ClInclude>
    <ClInclude Include="src\DataBaseThread.h">
      <Filter>src</Filter>
    </ClInclude>
    <ClInclude Include="src\DBManager.h">
      <Filter>src</Filter>
    </ClInclude>
    <ClInclude Include="src\DBRequest.h">
      <Filter>src</Filter>
    </ClInclude>
    <ClInclude Include="src\DBRequestFlags.h">
      <Filter>src</Filter>
    </ClInclude>
    <ClInclude Include="src\main.h">
      <Filter>src</Filter>
    </ClInclude>
    <ClInclude Include="src\MySqlData.h">
      <Filter>src</Filter>
    </ClInclude>
    <ClInclude Include="..\..\Common\ConfigReader.h">
      <Filter>common</Filter>
    </ClInclude>
    <ClInclude Include="..\..\Common\IConfigFile.h">
      <Filter>common</Filter>
    </ClInclude>
    <ClInclude Include="..\..\Common\Utility.h">
      <Filter>common</Filter>
    </ClInclude>
    <ClInclude Include="..\ServerCommon\mutex.h">
      <Filter>SvrCommon</Filter>
    </ClInclude>
    <ClInclude Include="..\ServerCommon\Sem.h">
      <Filter>SvrCommon</Filter>
    </ClInclude>
    <ClInclude Include="..\ServerCommon\ServerConfig.h">
      <Filter>SvrCommon</Filter>
    </ClInclude>
    <ClInclude Include="..\ServerCommon\ServerMessageDefine.h">
      <Filter>SvrCommon</Filter>
    </ClInclude>
    <ClInclude Include="..\ServerCommon\ThreadMod.h">
      <Filter>SvrCommon</Filter>
    </ClInclude>
    <ClInclude Include="..\ServerCommon\Timer.h">
      <Filter>SvrCommon</Filter>
    </ClInclude>
    <ClInclude Include="..\ServerCommon\ISeverApp.h">
      <Filter>SvrCommon</Filter>
    </ClInclude>
    <ClInclude Include="src\LogSvrApp.h">
      <Filter>src</Filter>
    </ClInclude>
    <ClInclude Include="..\ServerCommon\AsyncRequestQuene.h">
      <Filter>SvrCommon</Filter>
    </ClInclude>
    <ClInclude Include="..\ServerCommon\Application.h">
      <Filter>SvrCommon</Filter>
    </ClInclude>
    <ClInclude Include="..\ServerCommon\catch_dump_file.h">
      <Filter>SvrCommon</Filter>
    </ClInclude>
    <ClInclude Include="..\ServerCommon\log4z.h">
      <Filter>SvrCommon</Filter>
    </ClInclude>
  </ItemGroup>
</Project>